{
  "pins" : [
    {
      "identity" : "ditto",
      "kind" : "remoteSourceControl",
      "location" : "https://github.com/yanun0323/Ditto",
      "state" : {
        "branch" : "master",
        "revision" : "d72a75709a7dd60c82fe6fe5d6984f4899676c84"
      }
    },
    {
      "identity" : "sparkle",
      "kind" : "remoteSourceControl",
      "location" : "https://github.com/sparkle-project/Sparkle",
      "state" : {
        "revision" : "1f07f4096e52f19b5e7abaa697b7fc592b7ff57c",
        "version" : "2.5.1"
      }
    },
    {
      "identity" : "sqlite.swift",
      "kind" : "remoteSourceControl",
      "location" : "https://github.com/stephencelis/SQLite.swift.git",
      "state" : {
        "revision" : "7a2e3cd27de56f6d396e84f63beefd0267b55ccb",
        "version" : "0.14.1"
      }
    },
    {
      "identity" : "sworm",
      "kind" : "remoteSourceControl",
      "location" : "https://github.com/yanun0323/Sworm",
      "state" : {
        "revision" : "e3db791dffc1f6c8765a2068d3d162929d6473d3",
        "version" : "0.1.0"
      }
    }
  ],
  "version" : 2
}
